
Microsoft Visual Studio Solution File, Format Version 12.00
# Visual Studio Version 16
VisualStudioVersion = 16.0.31515.178
MinimumVisualStudioVersion = 10.0.40219.1
Project("{FAE04EC0-301F-11D3-BF4B-00C04F79EFBC}") = "ProyectoAsignadoEnClase_mysql_usbserver", "ProyectoAsignadoEnClase_mysql_usbserver\ProyectoAsignadoEnClase_mysql_usbserver.csproj", "{62A5EC43-B77B-4ABB-B59F-0AF44B821862}"
EndProject
Global
	GlobalSection(SolutionConfigurationPlatforms) = preSolution
		Debug|Any CPU = Debug|Any CPU
		Release|Any CPU = Release|Any CPU
	EndGlobalSection
	GlobalSection(ProjectConfigurationPlatforms) = postSolution
		{62A5EC43-B77B-4ABB-B59F-0AF44B821862}.Debug|Any CPU.ActiveCfg = Debug|Any CPU
		{62A5EC43-B77B-4ABB-B59F-0AF44B821862}.Debug|Any CPU.Build.0 = Debug|Any CPU
		{62A5EC43-B77B-4ABB-B59F-0AF44B821862}.Release|Any CPU.ActiveCfg = Release|Any CPU
		{62A5EC43-B77B-4ABB-B59F-0AF44B821862}.Release|Any CPU.Build.0 = Release|Any CPU
	EndGlobalSection
	GlobalSection(SolutionProperties) = preSolution
		HideSolutionNode = FALSE
	EndGlobalSection
	GlobalSection(ExtensibilityGlobals) = postSolution
		SolutionGuid = {8FA561BF-E766-4E24-8E11-82855C1F721C}
	EndGlobalSection
EndGlobal
